# Prisma Migrate lockfile v1

20200820234701-migration
20200822170755-add_users_to_models
20200822182409-contact_user_optional
20200829201014-add-user-role-table
20200829203649-migration
20200829205539-migration
20200830131734-migration
20200830132230-migration
20200830134947-migration
20200830140517-migration
20200830140841-migration
20200830142557-migration
20200830142810-migration
20200830142940-migration